
Microsoft Visual Studio Solution File, Format Version 11.00
# Visual Studio 2010
Project("{FAE04EC0-301F-11D3-BF4B-00C04F79EFBC}") = "LittelfuseCatalogs", "Example\LittelfuseCatalogs.csproj", "{557452DF-EA23-4018-82E7-E6D956C4D912}"
EndProject
Global
	GlobalSection(SolutionConfigurationPlatforms) = preSolution
		Debug|iPhoneSimulator = Debug|iPhoneSimulator
		Release|iPhoneSimulator = Release|iPhoneSimulator
		Debug|iPhone = Debug|iPhone
		Release|iPhone = Release|iPhone
		Ad-Hoc|iPhone = Ad-Hoc|iPhone
		AppStore|iPhone = AppStore|iPhone
	EndGlobalSection
	GlobalSection(ProjectConfigurationPlatforms) = postSolution
		{557452DF-EA23-4018-82E7-E6D956C4D912}.Ad-Hoc|iPhone.ActiveCfg = Ad-Hoc|iPhone
		{557452DF-EA23-4018-82E7-E6D956C4D912}.Ad-Hoc|iPhone.Build.0 = Ad-Hoc|iPhone
		{557452DF-EA23-4018-82E7-E6D956C4D912}.AppStore|iPhone.ActiveCfg = AppStore|iPhone
		{557452DF-EA23-4018-82E7-E6D956C4D912}.AppStore|iPhone.Build.0 = AppStore|iPhone
		{557452DF-EA23-4018-82E7-E6D956C4D912}.Debug|iPhone.ActiveCfg = Debug|iPhone
		{557452DF-EA23-4018-82E7-E6D956C4D912}.Debug|iPhone.Build.0 = Debug|iPhone
		{557452DF-EA23-4018-82E7-E6D956C4D912}.Debug|iPhoneSimulator.ActiveCfg = Debug|iPhoneSimulator
		{557452DF-EA23-4018-82E7-E6D956C4D912}.Debug|iPhoneSimulator.Build.0 = Debug|iPhoneSimulator
		{557452DF-EA23-4018-82E7-E6D956C4D912}.Release|iPhone.ActiveCfg = Release|iPhone
		{557452DF-EA23-4018-82E7-E6D956C4D912}.Release|iPhone.Build.0 = Release|iPhone
		{557452DF-EA23-4018-82E7-E6D956C4D912}.Release|iPhoneSimulator.ActiveCfg = Release|iPhoneSimulator
		{557452DF-EA23-4018-82E7-E6D956C4D912}.Release|iPhoneSimulator.Build.0 = Release|iPhoneSimulator
	EndGlobalSection
	GlobalSection(MonoDevelopProperties) = preSolution
		StartupItem = Example\LittelfuseCatalogs.csproj
	EndGlobalSection
EndGlobal
